
Microsoft Visual Studio Solution File, Format Version 12.00
# Visual Studio Version 16
VisualStudioVersion = 16.0.31205.134
MinimumVisualStudioVersion = 10.0.40219.1
Project("{FAE04EC0-301F-11D3-BF4B-00C04F79EFBC}") = "Spider", "Spider\Spider.csproj", "{7C7F2013-DE15-43B2-8AB5-4CE9119086C1}"
EndProject
Global
	GlobalSection(SolutionConfigurationPlatforms) = preSolution
		Debug|Any CPU = Debug|Any CPU
		Release|Any CPU = Release|Any CPU
	EndGlobalSection
	GlobalSection(ProjectConfigurationPlatforms) = postSolution
		{7C7F2013-DE15-43B2-8AB5-4CE9119086C1}.Debug|Any CPU.ActiveCfg = Debug|Any CPU
		{7C7F2013-DE15-43B2-8AB5-4CE9119086C1}.Debug|Any CPU.Build.0 = Debug|Any CPU
		{7C7F2013-DE15-43B2-8AB5-4CE9119086C1}.Release|Any CPU.ActiveCfg = Release|Any CPU
		{7C7F2013-DE15-43B2-8AB5-4CE9119086C1}.Release|Any CPU.Build.0 = Release|Any CPU
	EndGlobalSection
	GlobalSection(SolutionProperties) = preSolution
		HideSolutionNode = FALSE
	EndGlobalSection
	GlobalSection(ExtensibilityGlobals) = postSolution
		SolutionGuid = {47435C9D-2AB1-4C9E-8D4A-2C754BABB349}
	EndGlobalSection
EndGlobal
