
Microsoft Visual Studio Solution File, Format Version 12.00
# Visual Studio Version 16
VisualStudioVersion = 16.0.31205.134
MinimumVisualStudioVersion = 10.0.40219.1
Project("{9A19103F-16F7-4668-BE54-9A1E7A4F7556}") = "UI", "UI\UI.csproj", "{06E039AF-4DE4-41FB-9E8A-B79198DF429A}"
EndProject
Global
	GlobalSection(SolutionConfigurationPlatforms) = preSolution
		Debug|Any CPU = Debug|Any CPU
		Release|Any CPU = Release|Any CPU
	EndGlobalSection
	GlobalSection(ProjectConfigurationPlatforms) = postSolution
		{06E039AF-4DE4-41FB-9E8A-B79198DF429A}.Debug|Any CPU.ActiveCfg = Debug|Any CPU
		{06E039AF-4DE4-41FB-9E8A-B79198DF429A}.Debug|Any CPU.Build.0 = Debug|Any CPU
		{06E039AF-4DE4-41FB-9E8A-B79198DF429A}.Release|Any CPU.ActiveCfg = Release|Any CPU
		{06E039AF-4DE4-41FB-9E8A-B79198DF429A}.Release|Any CPU.Build.0 = Release|Any CPU
	EndGlobalSection
	GlobalSection(SolutionProperties) = preSolution
		HideSolutionNode = FALSE
	EndGlobalSection
	GlobalSection(ExtensibilityGlobals) = postSolution
		SolutionGuid = {281D63A4-27B3-40B1-BBAC-BD5A614FC107}
	EndGlobalSection
EndGlobal
